// !$*UTF8*$!
{
	archiveVersion = 1;
	classes = {
	};
	objectVersion = 46;
	objects = {

/* Begin PBXBuildFile section */
		7AF81C7DD8A444B7673153E8 /* Pods_SweetPea.framework in Frameworks */ = {isa = PBXBuildFile; fileRef = 217687A5DF26143AF8C2A8D4 /* Pods_SweetPea.framework */; };
		B537939B1DD8BE0B00D9C9AF /* OPMLService.swift in Sources */ = {isa = PBXBuildFile; fileRef = B5BB0D981DD51CB300BD7FA0 /* OPMLService.swift */; };
		B537939C1DD8C33F00D9C9AF /* overcast.opml in Resources */ = {isa = PBXBuildFile; fileRef = B5BB0D9A1DD51CC300BD7FA0 /* overcast.opml */; };
		B537939E1DD9BF8C00D9C9AF /* Helpers.swift in Sources */ = {isa = PBXBuildFile; fileRef = B537939D1DD9BF8C00D9C9AF /* Helpers.swift */; };
		B53793A01DDA626300D9C9AF /* RSSService.swift in Sources */ = {isa = PBXBuildFile; fileRef = B537939F1DDA626300D9C9AF /* RSSService.swift */; };
		B53793A11DDA626600D9C9AF /* RSSService.swift in Sources */ = {isa = PBXBuildFile; fileRef = B537939F1DDA626300D9C9AF /* RSSService.swift */; };
		B5BB0D991DD51CB300BD7FA0 /* OPMLService.swift in Sources */ = {isa = PBXBuildFile; fileRef = B5BB0D981DD51CB300BD7FA0 /* OPMLService.swift */; };
		B5BB0D9B1DD51CC300BD7FA0 /* overcast.opml in Resources */ = {isa = PBXBuildFile; fileRef = B5BB0D9A1DD51CC300BD7FA0 /* overcast.opml */; };
		B5BB0D9E1DD51DC900BD7FA0 /* SweetPeaTests.swift in Sources */ = {isa = PBXBuildFile; fileRef = B5BB0D8F1DD51C8300BD7FA0 /* SweetPeaTests.swift */; };
		B5F0D23F1DD506ED00402FEC /* AppDelegate.swift in Sources */ = {isa = PBXBuildFile; fileRef = B5F0D23E1DD506ED00402FEC /* AppDelegate.swift */; };
		B5F0D2411DD506ED00402FEC /* ViewController.swift in Sources */ = {isa = PBXBuildFile; fileRef = B5F0D2401DD506ED00402FEC /* ViewController.swift */; };
		B5F0D2441DD506ED00402FEC /* Main.storyboard in Resources */ = {isa = PBXBuildFile; fileRef = B5F0D2421DD506ED00402FEC /* Main.storyboard */; };
		B5F0D2471DD506ED00402FEC /* PeaPod.xcdatamodeld in Sources */ = {isa = PBXBuildFile; fileRef = B5F0D2451DD506ED00402FEC /* PeaPod.xcdatamodeld */; };
		B5F0D2491DD506ED00402FEC /* Assets.xcassets in Resources */ = {isa = PBXBuildFile; fileRef = B5F0D2481DD506ED00402FEC /* Assets.xcassets */; };
		B5F0D24C1DD506ED00402FEC /* LaunchScreen.storyboard in Resources */ = {isa = PBXBuildFile; fileRef = B5F0D24A1DD506ED00402FEC /* LaunchScreen.storyboard */; };
		C72ED2AC3F04909295807E77 /* Pods_SweetPeaTests.framework in Frameworks */ = {isa = PBXBuildFile; fileRef = A86763A151A1FAF46D41125C /* Pods_SweetPeaTests.framework */; };
/* End PBXBuildFile section */

/* Begin PBXContainerItemProxy section */
		B5BB0D921DD51C8300BD7FA0 /* PBXContainerItemProxy */ = {
			isa = PBXContainerItemProxy;
			containerPortal = B5F0D2331DD506ED00402FEC /* Project object */;
			proxyType = 1;
			remoteGlobalIDString = B5F0D23A1DD506ED00402FEC;
			remoteInfo = SweetPea;
		};
/* End PBXContainerItemProxy section */

/* Begin PBXFileReference section */
		164D54AAD7DC45E9CA476AE1 /* Pods-SweetPea.release.xcconfig */ = {isa = PBXFileReference; includeInIndex = 1; lastKnownFileType = text.xcconfig; name = "Pods-SweetPea.release.xcconfig"; path = "Pods/Target Support Files/Pods-SweetPea/Pods-SweetPea.release.xcconfig"; sourceTree = "<group>"; };
		217687A5DF26143AF8C2A8D4 /* Pods_SweetPea.framework */ = {isa = PBXFileReference; explicitFileType = wrapper.framework; includeInIndex = 0; path = Pods_SweetPea.framework; sourceTree = BUILT_PRODUCTS_DIR; };
		8623AF9DB9F4CB26E40CBBDF /* Pods-SweetPeaTests.debug.xcconfig */ = {isa = PBXFileReference; includeInIndex = 1; lastKnownFileType = text.xcconfig; name = "Pods-SweetPeaTests.debug.xcconfig"; path = "Pods/Target Support Files/Pods-SweetPeaTests/Pods-SweetPeaTests.debug.xcconfig"; sourceTree = "<group>"; };
		9CBA30FAEB4D0AE63B6EA51F /* Pods-SweetPeaTests.release.xcconfig */ = {isa = PBXFileReference; includeInIndex = 1; lastKnownFileType = text.xcconfig; name = "Pods-SweetPeaTests.release.xcconfig"; path = "Pods/Target Support Files/Pods-SweetPeaTests/Pods-SweetPeaTests.release.xcconfig"; sourceTree = "<group>"; };
		A86763A151A1FAF46D41125C /* Pods_SweetPeaTests.framework */ = {isa = PBXFileReference; explicitFileType = wrapper.framework; includeInIndex = 0; path = Pods_SweetPeaTests.framework; sourceTree = BUILT_PRODUCTS_DIR; };
		B537939D1DD9BF8C00D9C9AF /* Helpers.swift */ = {isa = PBXFileReference; fileEncoding = 4; lastKnownFileType = sourcecode.swift; path = Helpers.swift; sourceTree = "<group>"; };
		B537939F1DDA626300D9C9AF /* RSSService.swift */ = {isa = PBXFileReference; fileEncoding = 4; lastKnownFileType = sourcecode.swift; path = RSSService.swift; sourceTree = "<group>"; };
		B5BB0D8D1DD51C8300BD7FA0 /* SweetPeaTests.xctest */ = {isa = PBXFileReference; explicitFileType = wrapper.cfbundle; includeInIndex = 0; path = SweetPeaTests.xctest; sourceTree = BUILT_PRODUCTS_DIR; };
		B5BB0D8F1DD51C8300BD7FA0 /* SweetPeaTests.swift */ = {isa = PBXFileReference; lastKnownFileType = sourcecode.swift; path = SweetPeaTests.swift; sourceTree = "<group>"; };
		B5BB0D911DD51C8300BD7FA0 /* Info.plist */ = {isa = PBXFileReference; lastKnownFileType = text.plist.xml; path = Info.plist; sourceTree = "<group>"; };
		B5BB0D981DD51CB300BD7FA0 /* OPMLService.swift */ = {isa = PBXFileReference; fileEncoding = 4; lastKnownFileType = sourcecode.swift; path = OPMLService.swift; sourceTree = "<group>"; };
		B5BB0D9A1DD51CC300BD7FA0 /* overcast.opml */ = {isa = PBXFileReference; fileEncoding = 4; lastKnownFileType = text.xml; name = overcast.opml; path = ../../../Downloads/overcast.opml; sourceTree = "<group>"; };
		B5F0D23B1DD506ED00402FEC /* SweetPea.app */ = {isa = PBXFileReference; explicitFileType = wrapper.application; includeInIndex = 0; path = SweetPea.app; sourceTree = BUILT_PRODUCTS_DIR; };
		B5F0D23E1DD506ED00402FEC /* AppDelegate.swift */ = {isa = PBXFileReference; lastKnownFileType = sourcecode.swift; path = AppDelegate.swift; sourceTree = "<group>"; };
		B5F0D2401DD506ED00402FEC /* ViewController.swift */ = {isa = PBXFileReference; lastKnownFileType = sourcecode.swift; path = ViewController.swift; sourceTree = "<group>"; };
		B5F0D2431DD506ED00402FEC /* Base */ = {isa = PBXFileReference; lastKnownFileType = file.storyboard; name = Base; path = Base.lproj/Main.storyboard; sourceTree = "<group>"; };
		B5F0D2461DD506ED00402FEC /* PeaPod.xcdatamodel */ = {isa = PBXFileReference; lastKnownFileType = wrapper.xcdatamodel; path = PeaPod.xcdatamodel; sourceTree = "<group>"; };
		B5F0D2481DD506ED00402FEC /* Assets.xcassets */ = {isa = PBXFileReference; lastKnownFileType = folder.assetcatalog; path = Assets.xcassets; sourceTree = "<group>"; };
		B5F0D24B1DD506ED00402FEC /* Base */ = {isa = PBXFileReference; lastKnownFileType = file.storyboard; name = Base; path = Base.lproj/LaunchScreen.storyboard; sourceTree = "<group>"; };
		B5F0D24D1DD506ED00402FEC /* Info.plist */ = {isa = PBXFileReference; lastKnownFileType = text.plist.xml; path = Info.plist; sourceTree = "<group>"; };
		D1E388EF1B5A8B303BF4AC6A /* Pods-SweetPea.debug.xcconfig */ = {isa = PBXFileReference; includeInIndex = 1; lastKnownFileType = text.xcconfig; name = "Pods-SweetPea.debug.xcconfig"; path = "Pods/Target Support Files/Pods-SweetPea/Pods-SweetPea.debug.xcconfig"; sourceTree = "<group>"; };
/* End PBXFileReference section */

/* Begin PBXFrameworksBuildPhase section */
		B5BB0D8A1DD51C8300BD7FA0 /* Frameworks */ = {
			isa = PBXFrameworksBuildPhase;
			buildActionMask = 2147483647;
			files = (
				C72ED2AC3F04909295807E77 /* Pods_SweetPeaTests.framework in Frameworks */,
			);
			runOnlyForDeploymentPostprocessing = 0;
		};
		B5F0D2381DD506ED00402FEC /* Frameworks */ = {
			isa = PBXFrameworksBuildPhase;
			buildActionMask = 2147483647;
			files = (
				7AF81C7DD8A444B7673153E8 /* Pods_SweetPea.framework in Frameworks */,
			);
			runOnlyForDeploymentPostprocessing = 0;
		};
/* End PBXFrameworksBuildPhase section */

/* Begin PBXGroup section */
		1B6FB18795E1081067AE9E42 /* Frameworks */ = {
			isa = PBXGroup;
			children = (
				217687A5DF26143AF8C2A8D4 /* Pods_SweetPea.framework */,
				A86763A151A1FAF46D41125C /* Pods_SweetPeaTests.framework */,
			);
			name = Frameworks;
			sourceTree = "<group>";
		};
		3889F404982A7A91B6E4B31A /* Pods */ = {
			isa = PBXGroup;
			children = (
				D1E388EF1B5A8B303BF4AC6A /* Pods-SweetPea.debug.xcconfig */,
				164D54AAD7DC45E9CA476AE1 /* Pods-SweetPea.release.xcconfig */,
				8623AF9DB9F4CB26E40CBBDF /* Pods-SweetPeaTests.debug.xcconfig */,
				9CBA30FAEB4D0AE63B6EA51F /* Pods-SweetPeaTests.release.xcconfig */,
			);
			name = Pods;
			sourceTree = "<group>";
		};
		B5BB0D8E1DD51C8300BD7FA0 /* SweetPeaTests */ = {
			isa = PBXGroup;
			children = (
				B5BB0D8F1DD51C8300BD7FA0 /* SweetPeaTests.swift */,
				B5BB0D911DD51C8300BD7FA0 /* Info.plist */,
			);
			path = SweetPeaTests;
			sourceTree = "<group>";
		};
		B5BB0D971DD51CA400BD7FA0 /* Services */ = {
			isa = PBXGroup;
			children = (
				B537939F1DDA626300D9C9AF /* RSSService.swift */,
				B5BB0D981DD51CB300BD7FA0 /* OPMLService.swift */,
				B5BB0D9A1DD51CC300BD7FA0 /* overcast.opml */,
			);
			name = Services;
			sourceTree = "<group>";
		};
		B5F0D2321DD506ED00402FEC = {
			isa = PBXGroup;
			children = (
				B5F0D23D1DD506ED00402FEC /* SweetPea */,
				B5BB0D8E1DD51C8300BD7FA0 /* SweetPeaTests */,
				B5F0D23C1DD506ED00402FEC /* Products */,
				3889F404982A7A91B6E4B31A /* Pods */,
				1B6FB18795E1081067AE9E42 /* Frameworks */,
			);
			sourceTree = "<group>";
		};
		B5F0D23C1DD506ED00402FEC /* Products */ = {
			isa = PBXGroup;
			children = (
				B5F0D23B1DD506ED00402FEC /* SweetPea.app */,
				B5BB0D8D1DD51C8300BD7FA0 /* SweetPeaTests.xctest */,
			);
			name = Products;
			sourceTree = "<group>";
		};
		B5F0D23D1DD506ED00402FEC /* SweetPea */ = {
			isa = PBXGroup;
			children = (
				B537939D1DD9BF8C00D9C9AF /* Helpers.swift */,
				B5BB0D971DD51CA400BD7FA0 /* Services */,
				B5F0D23E1DD506ED00402FEC /* AppDelegate.swift */,
				B5F0D2401DD506ED00402FEC /* ViewController.swift */,
				B5F0D2421DD506ED00402FEC /* Main.storyboard */,
				B5F0D2481DD506ED00402FEC /* Assets.xcassets */,
				B5F0D24A1DD506ED00402FEC /* LaunchScreen.storyboard */,
				B5F0D24D1DD506ED00402FEC /* Info.plist */,
				B5F0D2451DD506ED00402FEC /* PeaPod.xcdatamodeld */,
			);
			name = SweetPea;
			path = PeaPod;
			sourceTree = "<group>";
		};
/* End PBXGroup section */

/* Begin PBXNativeTarget section */
		B5BB0D8C1DD51C8300BD7FA0 /* SweetPeaTests */ = {
			isa = PBXNativeTarget;
			buildConfigurationList = B5BB0D961DD51C8300BD7FA0 /* Build configuration list for PBXNativeTarget "SweetPeaTests" */;
			buildPhases = (
				46B3508A54F72E88262504D3 /* [CP] Check Pods Manifest.lock */,
				B5BB0D891DD51C8300BD7FA0 /* Sources */,
				B5BB0D8A1DD51C8300BD7FA0 /* Frameworks */,
				B5BB0D8B1DD51C8300BD7FA0 /* Resources */,
				0749ADF7790530F16EF1D7CF /* [CP] Embed Pods Frameworks */,
				17E017EA720192361D7844CD /* [CP] Copy Pods Resources */,
			);
			buildRules = (
			);
			dependencies = (
				B5BB0D931DD51C8300BD7FA0 /* PBXTargetDependency */,
			);
			name = SweetPeaTests;
			productName = SweetPeaTests;
			productReference = B5BB0D8D1DD51C8300BD7FA0 /* SweetPeaTests.xctest */;
			productType = "com.apple.product-type.bundle.unit-test";
		};
		B5F0D23A1DD506ED00402FEC /* SweetPea */ = {
			isa = PBXNativeTarget;
			buildConfigurationList = B5F0D2501DD506ED00402FEC /* Build configuration list for PBXNativeTarget "SweetPea" */;
			buildPhases = (
				739DCC59BA06844286405727 /* [CP] Check Pods Manifest.lock */,
				B5F0D2371DD506ED00402FEC /* Sources */,
				B5F0D2381DD506ED00402FEC /* Frameworks */,
				B5F0D2391DD506ED00402FEC /* Resources */,
				BEEE864DD6C25A11B4278794 /* [CP] Embed Pods Frameworks */,
				5C9C664D3DF5E06035C1412C /* [CP] Copy Pods Resources */,
			);
			buildRules = (
			);
			dependencies = (
			);
			name = SweetPea;
			productName = PeaPod;
			productReference = B5F0D23B1DD506ED00402FEC /* SweetPea.app */;
			productType = "com.apple.product-type.application";
		};
/* End PBXNativeTarget section */

/* Begin PBXProject section */
		B5F0D2331DD506ED00402FEC /* Project object */ = {
			isa = PBXProject;
			attributes = {
				LastSwiftUpdateCheck = 0810;
				LastUpgradeCheck = 0810;
				ORGANIZATIONNAME = "Constellation Software";
				TargetAttributes = {
					B5BB0D8C1DD51C8300BD7FA0 = {
						CreatedOnToolsVersion = 8.1;
						DevelopmentTeam = 97JRRX372K;
						ProvisioningStyle = Automatic;
						TestTargetID = B5F0D23A1DD506ED00402FEC;
					};
					B5F0D23A1DD506ED00402FEC = {
						CreatedOnToolsVersion = 8.1;
						DevelopmentTeam = 97JRRX372K;
						ProvisioningStyle = Automatic;
					};
				};
			};
			buildConfigurationList = B5F0D2361DD506ED00402FEC /* Build configuration list for PBXProject "SweetPea" */;
			compatibilityVersion = "Xcode 3.2";
			developmentRegion = English;
			hasScannedForEncodings = 0;
			knownRegions = (
				en,
				Base,
			);
			mainGroup = B5F0D2321DD506ED00402FEC;
			productRefGroup = B5F0D23C1DD506ED00402FEC /* Products */;
			projectDirPath = "";
			projectRoot = "";
			targets = (
				B5F0D23A1DD506ED00402FEC /* SweetPea */,
				B5BB0D8C1DD51C8300BD7FA0 /* SweetPeaTests */,
			);
		};
/* End PBXProject section */

/* Begin PBXResourcesBuildPhase section */
		B5BB0D8B1DD51C8300BD7FA0 /* Resources */ = {
			isa = PBXResourcesBuildPhase;
			buildActionMask = 2147483647;
			files = (
				B537939C1DD8C33F00D9C9AF /* overcast.opml in Resources */,
			);
			runOnlyForDeploymentPostprocessing = 0;
		};
		B5F0D2391DD506ED00402FEC /* Resources */ = {
			isa = PBXResourcesBuildPhase;
			buildActionMask = 2147483647;
			files = (
				B5F0D24C1DD506ED00402FEC /* LaunchScreen.storyboard in Resources */,
				B5F0D2491DD506ED00402FEC /* Assets.xcassets in Resources */,
				B5BB0D9B1DD51CC300BD7FA0 /* overcast.opml in Resources */,
				B5F0D2441DD506ED00402FEC /* Main.storyboard in Resources */,
			);
			runOnlyForDeploymentPostprocessing = 0;
		};
/* End PBXResourcesBuildPhase section */

/* Begin PBXShellScriptBuildPhase section */
		0749ADF7790530F16EF1D7CF /* [CP] Embed Pods Frameworks */ = {
			isa = PBXShellScriptBuildPhase;
			buildActionMask = 2147483647;
			files = (
			);
			inputPaths = (
			);
			name = "[CP] Embed Pods Frameworks";
			outputPaths = (
			);
			runOnlyForDeploymentPostprocessing = 0;
			shellPath = /bin/sh;
			shellScript = "\"${SRCROOT}/Pods/Target Support Files/Pods-SweetPeaTests/Pods-SweetPeaTests-frameworks.sh\"\n";
			showEnvVarsInLog = 0;
		};
		17E017EA720192361D7844CD /* [CP] Copy Pods Resources */ = {
			isa = PBXShellScriptBuildPhase;
			buildActionMask = 2147483647;
			files = (
			);
			inputPaths = (
			);
			name = "[CP] Copy Pods Resources";
			outputPaths = (
			);
			runOnlyForDeploymentPostprocessing = 0;
			shellPath = /bin/sh;
			shellScript = "\"${SRCROOT}/Pods/Target Support Files/Pods-SweetPeaTests/Pods-SweetPeaTests-resources.sh\"\n";
			showEnvVarsInLog = 0;
		};
		46B3508A54F72E88262504D3 /* [CP] Check Pods Manifest.lock */ = {
			isa = PBXShellScriptBuildPhase;
			buildActionMask = 2147483647;
			files = (
			);
			inputPaths = (
			);
			name = "[CP] Check Pods Manifest.lock";
			outputPaths = (
			);
			runOnlyForDeploymentPostprocessing = 0;
			shellPath = /bin/sh;
			shellScript = "diff \"${PODS_ROOT}/../Podfile.lock\" \"${PODS_ROOT}/Manifest.lock\" > /dev/null\nif [ $? != 0 ] ; then\n    # print error to STDERR\n    echo \"error: The sandbox is not in sync with the Podfile.lock. Run 'pod install' or update your CocoaPods installation.\" >&2\n    exit 1\nfi\n";
			showEnvVarsInLog = 0;
		};
		5C9C664D3DF5E06035C1412C /* [CP] Copy Pods Resources */ = {
			isa = PBXShellScriptBuildPhase;
			buildActionMask = 2147483647;
			files = (
			);
			inputPaths = (
			);
			name = "[CP] Copy Pods Resources";
			outputPaths = (
			);
			runOnlyForDeploymentPostprocessing = 0;
			shellPath = /bin/sh;
			shellScript = "\"${SRCROOT}/Pods/Target Support Files/Pods-SweetPea/Pods-SweetPea-resources.sh\"\n";
			showEnvVarsInLog = 0;
		};
		739DCC59BA06844286405727 /* [CP] Check Pods Manifest.lock */ = {
			isa = PBXShellScriptBuildPhase;
			buildActionMask = 2147483647;
			files = (
			);
			inputPaths = (
			);
			name = "[CP] Check Pods Manifest.lock";
			outputPaths = (
			);
			runOnlyForDeploymentPostprocessing = 0;
			shellPath = /bin/sh;
			shellScript = "diff \"${PODS_ROOT}/../Podfile.lock\" \"${PODS_ROOT}/Manifest.lock\" > /dev/null\nif [ $? != 0 ] ; then\n    # print error to STDERR\n    echo \"error: The sandbox is not in sync with the Podfile.lock. Run 'pod install' or update your CocoaPods installation.\" >&2\n    exit 1\nfi\n";
			showEnvVarsInLog = 0;
		};
		BEEE864DD6C25A11B4278794 /* [CP] Embed Pods Frameworks */ = {
			isa = PBXShellScriptBuildPhase;
			buildActionMask = 2147483647;
			files = (
			);
			inputPaths = (
			);
			name = "[CP] Embed Pods Frameworks";
			outputPaths = (
			);
			runOnlyForDeploymentPostprocessing = 0;
			shellPath = /bin/sh;
			shellScript = "\"${SRCROOT}/Pods/Target Support Files/Pods-SweetPea/Pods-SweetPea-frameworks.sh\"\n";
			showEnvVarsInLog = 0;
		};
/* End PBXShellScriptBuildPhase section */

/* Begin PBXSourcesBuildPhase section */
		B5BB0D891DD51C8300BD7FA0 /* Sources */ = {
			isa = PBXSourcesBuildPhase;
			buildActionMask = 2147483647;
			files = (
				B5BB0D9E1DD51DC900BD7FA0 /* SweetPeaTests.swift in Sources */,
				B537939B1DD8BE0B00D9C9AF /* OPMLService.swift in Sources */,
				B53793A01DDA626300D9C9AF /* RSSService.swift in Sources */,
			);
			runOnlyForDeploymentPostprocessing = 0;
		};
		B5F0D2371DD506ED00402FEC /* Sources */ = {
			isa = PBXSourcesBuildPhase;
			buildActionMask = 2147483647;
			files = (
				B5F0D2471DD506ED00402FEC /* PeaPod.xcdatamodeld in Sources */,
				B5BB0D991DD51CB300BD7FA0 /* OPMLService.swift in Sources */,
				B53793A11DDA626600D9C9AF /* RSSService.swift in Sources */,
				B5F0D2411DD506ED00402FEC /* ViewController.swift in Sources */,
				B537939E1DD9BF8C00D9C9AF /* Helpers.swift in Sources */,
				B5F0D23F1DD506ED00402FEC /* AppDelegate.swift in Sources */,
			);
			runOnlyForDeploymentPostprocessing = 0;
		};
/* End PBXSourcesBuildPhase section */

/* Begin PBXTargetDependency section */
		B5BB0D931DD51C8300BD7FA0 /* PBXTargetDependency */ = {
			isa = PBXTargetDependency;
			target = B5F0D23A1DD506ED00402FEC /* SweetPea */;
			targetProxy = B5BB0D921DD51C8300BD7FA0 /* PBXContainerItemProxy */;
		};
/* End PBXTargetDependency section */

/* Begin PBXVariantGroup section */
		B5F0D2421DD506ED00402FEC /* Main.storyboard */ = {
			isa = PBXVariantGroup;
			children = (
				B5F0D2431DD506ED00402FEC /* Base */,
			);
			name = Main.storyboard;
			sourceTree = "<group>";
		};
		B5F0D24A1DD506ED00402FEC /* LaunchScreen.storyboard */ = {
			isa = PBXVariantGroup;
			children = (
				B5F0D24B1DD506ED00402FEC /* Base */,
			);
			name = LaunchScreen.storyboard;
			sourceTree = "<group>";
		};
/* End PBXVariantGroup section */

/* Begin XCBuildConfiguration section */
		B5BB0D941DD51C8300BD7FA0 /* Debug */ = {
			isa = XCBuildConfiguration;
			baseConfigurationReference = 8623AF9DB9F4CB26E40CBBDF /* Pods-SweetPeaTests.debug.xcconfig */;
			buildSettings = {
				ALWAYS_EMBED_SWIFT_STANDARD_LIBRARIES = YES;
				BUNDLE_LOADER = "$(TEST_HOST)";
				DEVELOPMENT_TEAM = 97JRRX372K;
				INFOPLIST_FILE = SweetPeaTests/Info.plist;
				LD_RUNPATH_SEARCH_PATHS = "$(inherited) @executable_path/Frameworks @loader_path/Frameworks";
				PRODUCT_BUNDLE_IDENTIFIER = constellation.SweetPeaTests;
				PRODUCT_NAME = "$(TARGET_NAME)";
				SWIFT_VERSION = 3.0;
				TEST_HOST = "$(BUILT_PRODUCTS_DIR)/SweetPea.app/SweetPea";
			};
			name = Debug;
		};
		B5BB0D951DD51C8300BD7FA0 /* Release */ = {
			isa = XCBuildConfiguration;
			baseConfigurationReference = 9CBA30FAEB4D0AE63B6EA51F /* Pods-SweetPeaTests.release.xcconfig */;
			buildSettings = {
				ALWAYS_EMBED_SWIFT_STANDARD_LIBRARIES = YES;
				BUNDLE_LOADER = "$(TEST_HOST)";
				DEVELOPMENT_TEAM = 97JRRX372K;
				INFOPLIST_FILE = SweetPeaTests/Info.plist;
				LD_RUNPATH_SEARCH_PATHS = "$(inherited) @executable_path/Frameworks @loader_path/Frameworks";
				PRODUCT_BUNDLE_IDENTIFIER = constellation.SweetPeaTests;
				PRODUCT_NAME = "$(TARGET_NAME)";
				SWIFT_VERSION = 3.0;
				TEST_HOST = "$(BUILT_PRODUCTS_DIR)/SweetPea.app/SweetPea";
			};
			name = Release;
		};
		B5F0D24E1DD506ED00402FEC /* Debug */ = {
			isa = XCBuildConfiguration;
			buildSettings = {
				ALWAYS_SEARCH_USER_PATHS = NO;
				CLANG_ANALYZER_NONNULL = YES;
				CLANG_CXX_LANGUAGE_STANDARD = "gnu++0x";
				CLANG_CXX_LIBRARY = "libc++";
				CLANG_ENABLE_MODULES = YES;
				CLANG_ENABLE_OBJC_ARC = YES;
				CLANG_WARN_BOOL_CONVERSION = YES;
				CLANG_WARN_CONSTANT_CONVERSION = YES;
				CLANG_WARN_DIRECT_OBJC_ISA_USAGE = YES_ERROR;
				CLANG_WARN_DOCUMENTATION_COMMENTS = YES;
				CLANG_WARN_EMPTY_BODY = YES;
				CLANG_WARN_ENUM_CONVERSION = YES;
				CLANG_WARN_INFINITE_RECURSION = YES;
				CLANG_WARN_INT_CONVERSION = YES;
				CLANG_WARN_OBJC_ROOT_CLASS = YES_ERROR;
				CLANG_WARN_SUSPICIOUS_MOVE = YES;
				CLANG_WARN_SUSPICIOUS_MOVES = YES;
				CLANG_WARN_UNREACHABLE_CODE = YES;
				CLANG_WARN__DUPLICATE_METHOD_MATCH = YES;
				"CODE_SIGN_IDENTITY[sdk=iphoneos*]" = "iPhone Developer";
				COPY_PHASE_STRIP = NO;
				DEBUG_INFORMATION_FORMAT = dwarf;
				DEFINES_MODULE = YES;
				ENABLE_STRICT_OBJC_MSGSEND = YES;
				ENABLE_TESTABILITY = YES;
				GCC_C_LANGUAGE_STANDARD = gnu99;
				GCC_DYNAMIC_NO_PIC = NO;
				GCC_NO_COMMON_BLOCKS = YES;
				GCC_OPTIMIZATION_LEVEL = 0;
				GCC_PREPROCESSOR_DEFINITIONS = (
					"DEBUG=1",
					"$(inherited)",
				);
				GCC_WARN_64_TO_32_BIT_CONVERSION = YES;
				GCC_WARN_ABOUT_RETURN_TYPE = YES_ERROR;
				GCC_WARN_UNDECLARED_SELECTOR = YES;
				GCC_WARN_UNINITIALIZED_AUTOS = YES_AGGRESSIVE;
				GCC_WARN_UNUSED_FUNCTION = YES;
				GCC_WARN_UNUSED_VARIABLE = YES;
				IPHONEOS_DEPLOYMENT_TARGET = 10.1;
				MTL_ENABLE_DEBUG_INFO = YES;
				ONLY_ACTIVE_ARCH = YES;
				SDKROOT = iphoneos;
				SWIFT_ACTIVE_COMPILATION_CONDITIONS = DEBUG;
				SWIFT_OPTIMIZATION_LEVEL = "-Onone";
			};
			name = Debug;
		};
		B5F0D24F1DD506ED00402FEC /* Release */ = {
			isa = XCBuildConfiguration;
			buildSettings = {
				ALWAYS_SEARCH_USER_PATHS = NO;
				CLANG_ANALYZER_NONNULL = YES;
				CLANG_CXX_LANGUAGE_STANDARD = "gnu++0x";
				CLANG_CXX_LIBRARY = "libc++";
				CLANG_ENABLE_MODULES = YES;
				CLANG_ENABLE_OBJC_ARC = YES;
				CLANG_WARN_BOOL_CONVERSION = YES;
				CLANG_WARN_CONSTANT_CONVERSION = YES;
				CLANG_WARN_DIRECT_OBJC_ISA_USAGE = YES_ERROR;
				CLANG_WARN_DOCUMENTATION_COMMENTS = YES;
				CLANG_WARN_EMPTY_BODY = YES;
				CLANG_WARN_ENUM_CONVERSION = YES;
				CLANG_WARN_INFINITE_RECURSION = YES;
				CLANG_WARN_INT_CONVERSION = YES;
				CLANG_WARN_OBJC_ROOT_CLASS = YES_ERROR;
				CLANG_WARN_SUSPICIOUS_MOVE = YES;
				CLANG_WARN_SUSPICIOUS_MOVES = YES;
				CLANG_WARN_UNREACHABLE_CODE = YES;
				CLANG_WARN__DUPLICATE_METHOD_MATCH = YES;
				"CODE_SIGN_IDENTITY[sdk=iphoneos*]" = "iPhone Developer";
				COPY_PHASE_STRIP = NO;
				DEBUG_INFORMATION_FORMAT = "dwarf-with-dsym";
				DEFINES_MODULE = YES;
				ENABLE_NS_ASSERTIONS = NO;
				ENABLE_STRICT_OBJC_MSGSEND = YES;
				GCC_C_LANGUAGE_STANDARD = gnu99;
				GCC_NO_COMMON_BLOCKS = YES;
				GCC_WARN_64_TO_32_BIT_CONVERSION = YES;
				GCC_WARN_ABOUT_RETURN_TYPE = YES_ERROR;
				GCC_WARN_UNDECLARED_SELECTOR = YES;
				GCC_WARN_UNINITIALIZED_AUTOS = YES_AGGRESSIVE;
				GCC_WARN_UNUSED_FUNCTION = YES;
				GCC_WARN_UNUSED_VARIABLE = YES;
				IPHONEOS_DEPLOYMENT_TARGET = 10.1;
				MTL_ENABLE_DEBUG_INFO = NO;
				SDKROOT = iphoneos;
				SWIFT_OPTIMIZATION_LEVEL = "-Owholemodule";
				VALIDATE_PRODUCT = YES;
			};
			name = Release;
		};
		B5F0D2511DD506ED00402FEC /* Debug */ = {
			isa = XCBuildConfiguration;
			baseConfigurationReference = D1E388EF1B5A8B303BF4AC6A /* Pods-SweetPea.debug.xcconfig */;
			buildSettings = {
				ALWAYS_EMBED_SWIFT_STANDARD_LIBRARIES = YES;
				ASSETCATALOG_COMPILER_APPICON_NAME = AppIcon;
				DEVELOPMENT_TEAM = 97JRRX372K;
				INFOPLIST_FILE = PeaPod/Info.plist;
				LD_RUNPATH_SEARCH_PATHS = "$(inherited) @executable_path/Frameworks";
				PRODUCT_BUNDLE_IDENTIFIER = constellation.PeaPod;
				PRODUCT_NAME = "$(TARGET_NAME)";
				SWIFT_VERSION = 3.0;
			};
			name = Debug;
		};
		B5F0D2521DD506ED00402FEC /* Release */ = {
			isa = XCBuildConfiguration;
			baseConfigurationReference = 164D54AAD7DC45E9CA476AE1 /* Pods-SweetPea.release.xcconfig */;
			buildSettings = {
				ALWAYS_EMBED_SWIFT_STANDARD_LIBRARIES = YES;
				ASSETCATALOG_COMPILER_APPICON_NAME = AppIcon;
				DEVELOPMENT_TEAM = 97JRRX372K;
				INFOPLIST_FILE = PeaPod/Info.plist;
				LD_RUNPATH_SEARCH_PATHS = "$(inherited) @executable_path/Frameworks";
				PRODUCT_BUNDLE_IDENTIFIER = constellation.PeaPod;
				PRODUCT_NAME = "$(TARGET_NAME)";
				SWIFT_VERSION = 3.0;
			};
			name = Release;
		};
/* End XCBuildConfiguration section */

/* Begin XCConfigurationList section */
		B5BB0D961DD51C8300BD7FA0 /* Build configuration list for PBXNativeTarget "SweetPeaTests" */ = {
			isa = XCConfigurationList;
			buildConfigurations = (
				B5BB0D941DD51C8300BD7FA0 /* Debug */,
				B5BB0D951DD51C8300BD7FA0 /* Release */,
			);
			defaultConfigurationIsVisible = 0;
			defaultConfigurationName = Release;
		};
		B5F0D2361DD506ED00402FEC /* Build configuration list for PBXProject "SweetPea" */ = {
			isa = XCConfigurationList;
			buildConfigurations = (
				B5F0D24E1DD506ED00402FEC /* Debug */,
				B5F0D24F1DD506ED00402FEC /* Release */,
			);
			defaultConfigurationIsVisible = 0;
			defaultConfigurationName = Release;
		};
		B5F0D2501DD506ED00402FEC /* Build configuration list for PBXNativeTarget "SweetPea" */ = {
			isa = XCConfigurationList;
			buildConfigurations = (
				B5F0D2511DD506ED00402FEC /* Debug */,
				B5F0D2521DD506ED00402FEC /* Release */,
			);
			defaultConfigurationIsVisible = 0;
			defaultConfigurationName = Release;
		};
/* End XCConfigurationList section */

/* Begin XCVersionGroup section */
		B5F0D2451DD506ED00402FEC /* PeaPod.xcdatamodeld */ = {
			isa = XCVersionGroup;
			children = (
				B5F0D2461DD506ED00402FEC /* PeaPod.xcdatamodel */,
			);
			currentVersion = B5F0D2461DD506ED00402FEC /* PeaPod.xcdatamodel */;
			path = PeaPod.xcdatamodeld;
			sourceTree = "<group>";
			versionGroupType = wrapper.xcdatamodel;
		};
/* End XCVersionGroup section */
	};
	rootObject = B5F0D2331DD506ED00402FEC /* Project object */;
}
